
Microsoft Visual Studio Solution File, Format Version 12.00
# Visual Studio 14
VisualStudioVersion = 14.0.25123.0
MinimumVisualStudioVersion = 10.0.40219.1
Project("{FAE04EC0-301F-11D3-BF4B-00C04F79EFBC}") = "WCE.Entities", "WCE.Entities\WCE.Entities.csproj", "{121AC170-E77F-4C78-931A-1262787B8180}"
EndProject
Project("{FAE04EC0-301F-11D3-BF4B-00C04F79EFBC}") = "WCE.Business", "WCE.Business\WCE.Business.csproj", "{49F75D14-7525-41F6-A6E7-7F627160DEB3}"
EndProject
Project("{FAE04EC0-301F-11D3-BF4B-00C04F79EFBC}") = "UnitTest.WCE.Business", "UnitTest.WCE.Business\UnitTest.WCE.Business.csproj", "{F767C355-29E2-450A-B07F-7A157A7BF85B}"
EndProject
Project("{FAE04EC0-301F-11D3-BF4B-00C04F79EFBC}") = "UnitTest.WCE.Entities", "UnitTest.WCE.Entities\UnitTest.WCE.Entities.csproj", "{F5C5EBE8-9480-4585-A182-68BB28F9BCB0}"
EndProject
Global
	GlobalSection(SolutionConfigurationPlatforms) = preSolution
		Debug|Any CPU = Debug|Any CPU
		Release|Any CPU = Release|Any CPU
	EndGlobalSection
	GlobalSection(ProjectConfigurationPlatforms) = postSolution
		{121AC170-E77F-4C78-931A-1262787B8180}.Debug|Any CPU.ActiveCfg = Debug|Any CPU
		{121AC170-E77F-4C78-931A-1262787B8180}.Debug|Any CPU.Build.0 = Debug|Any CPU
		{121AC170-E77F-4C78-931A-1262787B8180}.Release|Any CPU.ActiveCfg = Release|Any CPU
		{121AC170-E77F-4C78-931A-1262787B8180}.Release|Any CPU.Build.0 = Release|Any CPU
		{49F75D14-7525-41F6-A6E7-7F627160DEB3}.Debug|Any CPU.ActiveCfg = Debug|Any CPU
		{49F75D14-7525-41F6-A6E7-7F627160DEB3}.Debug|Any CPU.Build.0 = Debug|Any CPU
		{49F75D14-7525-41F6-A6E7-7F627160DEB3}.Release|Any CPU.ActiveCfg = Release|Any CPU
		{49F75D14-7525-41F6-A6E7-7F627160DEB3}.Release|Any CPU.Build.0 = Release|Any CPU
		{F767C355-29E2-450A-B07F-7A157A7BF85B}.Debug|Any CPU.ActiveCfg = Debug|Any CPU
		{F767C355-29E2-450A-B07F-7A157A7BF85B}.Debug|Any CPU.Build.0 = Debug|Any CPU
		{F767C355-29E2-450A-B07F-7A157A7BF85B}.Release|Any CPU.ActiveCfg = Release|Any CPU
		{F767C355-29E2-450A-B07F-7A157A7BF85B}.Release|Any CPU.Build.0 = Release|Any CPU
		{F5C5EBE8-9480-4585-A182-68BB28F9BCB0}.Debug|Any CPU.ActiveCfg = Debug|Any CPU
		{F5C5EBE8-9480-4585-A182-68BB28F9BCB0}.Debug|Any CPU.Build.0 = Debug|Any CPU
		{F5C5EBE8-9480-4585-A182-68BB28F9BCB0}.Release|Any CPU.ActiveCfg = Release|Any CPU
		{F5C5EBE8-9480-4585-A182-68BB28F9BCB0}.Release|Any CPU.Build.0 = Release|Any CPU
	EndGlobalSection
	GlobalSection(SolutionProperties) = preSolution
		HideSolutionNode = FALSE
	EndGlobalSection
EndGlobal
